// !$*UTF8*$!
{
	archiveVersion = 1;
	classes = {
	};
	objectVersion = 46;
	objects = {

/* Begin PBXBuildFile section */
		02F3D6721D5CBAF10074EA73 /* AppDelegate.swift in Sources */ = {isa = PBXBuildFile; fileRef = 02F3D6711D5CBAF10074EA73 /* AppDelegate.swift */; };
		02F3D6741D5CBAF10074EA73 /* ViewController.swift in Sources */ = {isa = PBXBuildFile; fileRef = 02F3D6731D5CBAF10074EA73 /* ViewController.swift */; };
		02F3D6771D5CBAF10074EA73 /* Main.storyboard in Resources */ = {isa = PBXBuildFile; fileRef = 02F3D6751D5CBAF10074EA73 /* Main.storyboard */; };
		02F3D6791D5CBAF10074EA73 /* Assets.xcassets in Resources */ = {isa = PBXBuildFile; fileRef = 02F3D6781D5CBAF10074EA73 /* Assets.xcassets */; };
		02F3D67C1D5CBAF10074EA73 /* LaunchScreen.storyboard in Resources */ = {isa = PBXBuildFile; fileRef = 02F3D67A1D5CBAF10074EA73 /* LaunchScreen.storyboard */; };
		02F3D6871D5CBAF10074EA73 /* Swift_11_facebook_loginTests.swift in Sources */ = {isa = PBXBuildFile; fileRef = 02F3D6861D5CBAF10074EA73 /* Swift_11_facebook_loginTests.swift */; };
		02F3D6921D5CBAF10074EA73 /* Swift_11_facebook_loginUITests.swift in Sources */ = {isa = PBXBuildFile; fileRef = 02F3D6911D5CBAF10074EA73 /* Swift_11_facebook_loginUITests.swift */; };
		02F3D6A11D5CBB900074EA73 /* FBSDKCoreKit.framework in Frameworks */ = {isa = PBXBuildFile; fileRef = 02F3D69F1D5CBB900074EA73 /* FBSDKCoreKit.framework */; };
		02F3D6A21D5CBB900074EA73 /* FBSDKLoginKit.framework in Frameworks */ = {isa = PBXBuildFile; fileRef = 02F3D6A01D5CBB900074EA73 /* FBSDKLoginKit.framework */; };
/* End PBXBuildFile section */

/* Begin PBXContainerItemProxy section */
		02F3D6831D5CBAF10074EA73 /* PBXContainerItemProxy */ = {
			isa = PBXContainerItemProxy;
			containerPortal = 02F3D6661D5CBAF10074EA73 /* Project object */;
			proxyType = 1;
			remoteGlobalIDString = 02F3D66D1D5CBAF10074EA73;
			remoteInfo = "Swift-11-facebook-login";
		};
		02F3D68E1D5CBAF10074EA73 /* PBXContainerItemProxy */ = {
			isa = PBXContainerItemProxy;
			containerPortal = 02F3D6661D5CBAF10074EA73 /* Project object */;
			proxyType = 1;
			remoteGlobalIDString = 02F3D66D1D5CBAF10074EA73;
			remoteInfo = "Swift-11-facebook-login";
		};
/* End PBXContainerItemProxy section */

/* Begin PBXFileReference section */
		02F3D66E1D5CBAF10074EA73 /* Swift-11-facebook-login.app */ = {isa = PBXFileReference; explicitFileType = wrapper.application; includeInIndex = 0; path = "Swift-11-facebook-login.app"; sourceTree = BUILT_PRODUCTS_DIR; };
		02F3D6711D5CBAF10074EA73 /* AppDelegate.swift */ = {isa = PBXFileReference; lastKnownFileType = sourcecode.swift; path = AppDelegate.swift; sourceTree = "<group>"; };
		02F3D6731D5CBAF10074EA73 /* ViewController.swift */ = {isa = PBXFileReference; lastKnownFileType = sourcecode.swift; path = ViewController.swift; sourceTree = "<group>"; };
		02F3D6761D5CBAF10074EA73 /* Base */ = {isa = PBXFileReference; lastKnownFileType = file.storyboard; name = Base; path = Base.lproj/Main.storyboard; sourceTree = "<group>"; };
		02F3D6781D5CBAF10074EA73 /* Assets.xcassets */ = {isa = PBXFileReference; lastKnownFileType = folder.assetcatalog; path = Assets.xcassets; sourceTree = "<group>"; };
		02F3D67B1D5CBAF10074EA73 /* Base */ = {isa = PBXFileReference; lastKnownFileType = file.storyboard; name = Base; path = Base.lproj/LaunchScreen.storyboard; sourceTree = "<group>"; };
		02F3D67D1D5CBAF10074EA73 /* Info.plist */ = {isa = PBXFileReference; lastKnownFileType = text.plist.xml; path = Info.plist; sourceTree = "<group>"; };
		02F3D6821D5CBAF10074EA73 /* Swift-11-facebook-loginTests.xctest */ = {isa = PBXFileReference; explicitFileType = wrapper.cfbundle; includeInIndex = 0; path = "Swift-11-facebook-loginTests.xctest"; sourceTree = BUILT_PRODUCTS_DIR; };
		02F3D6861D5CBAF10074EA73 /* Swift_11_facebook_loginTests.swift */ = {isa = PBXFileReference; lastKnownFileType = sourcecode.swift; path = Swift_11_facebook_loginTests.swift; sourceTree = "<group>"; };
		02F3D6881D5CBAF10074EA73 /* Info.plist */ = {isa = PBXFileReference; lastKnownFileType = text.plist.xml; path = Info.plist; sourceTree = "<group>"; };
		02F3D68D1D5CBAF10074EA73 /* Swift-11-facebook-loginUITests.xctest */ = {isa = PBXFileReference; explicitFileType = wrapper.cfbundle; includeInIndex = 0; path = "Swift-11-facebook-loginUITests.xctest"; sourceTree = BUILT_PRODUCTS_DIR; };
		02F3D6911D5CBAF10074EA73 /* Swift_11_facebook_loginUITests.swift */ = {isa = PBXFileReference; lastKnownFileType = sourcecode.swift; path = Swift_11_facebook_loginUITests.swift; sourceTree = "<group>"; };
		02F3D6931D5CBAF10074EA73 /* Info.plist */ = {isa = PBXFileReference; lastKnownFileType = text.plist.xml; path = Info.plist; sourceTree = "<group>"; };
		02F3D69F1D5CBB900074EA73 /* FBSDKCoreKit.framework */ = {isa = PBXFileReference; lastKnownFileType = wrapper.framework; path = FBSDKCoreKit.framework; sourceTree = "<group>"; };
		02F3D6A01D5CBB900074EA73 /* FBSDKLoginKit.framework */ = {isa = PBXFileReference; lastKnownFileType = wrapper.framework; path = FBSDKLoginKit.framework; sourceTree = "<group>"; };
		02F3D6A31D5CBDB60074EA73 /* bridging-header.h */ = {isa = PBXFileReference; lastKnownFileType = sourcecode.c.h; path = "bridging-header.h"; sourceTree = "<group>"; };
/* End PBXFileReference section */

/* Begin PBXFrameworksBuildPhase section */
		02F3D66B1D5CBAF10074EA73 /* Frameworks */ = {
			isa = PBXFrameworksBuildPhase;
			buildActionMask = 2147483647;
			files = (
				02F3D6A21D5CBB900074EA73 /* FBSDKLoginKit.framework in Frameworks */,
				02F3D6A11D5CBB900074EA73 /* FBSDKCoreKit.framework in Frameworks */,
			);
			runOnlyForDeploymentPostprocessing = 0;
		};
		02F3D67F1D5CBAF10074EA73 /* Frameworks */ = {
			isa = PBXFrameworksBuildPhase;
			buildActionMask = 2147483647;
			files = (
			);
			runOnlyForDeploymentPostprocessing = 0;
		};
		02F3D68A1D5CBAF10074EA73 /* Frameworks */ = {
			isa = PBXFrameworksBuildPhase;
			buildActionMask = 2147483647;
			files = (
			);
			runOnlyForDeploymentPostprocessing = 0;
		};
/* End PBXFrameworksBuildPhase section */

/* Begin PBXGroup section */
		02F3D6651D5CBAF10074EA73 = {
			isa = PBXGroup;
			children = (
				02F3D6701D5CBAF10074EA73 /* Swift-11-facebook-login */,
				02F3D6851D5CBAF10074EA73 /* Swift-11-facebook-loginTests */,
				02F3D6901D5CBAF10074EA73 /* Swift-11-facebook-loginUITests */,
				02F3D66F1D5CBAF10074EA73 /* Products */,
			);
			sourceTree = "<group>";
		};
		02F3D66F1D5CBAF10074EA73 /* Products */ = {
			isa = PBXGroup;
			children = (
				02F3D66E1D5CBAF10074EA73 /* Swift-11-facebook-login.app */,
				02F3D6821D5CBAF10074EA73 /* Swift-11-facebook-loginTests.xctest */,
				02F3D68D1D5CBAF10074EA73 /* Swift-11-facebook-loginUITests.xctest */,
			);
			name = Products;
			sourceTree = "<group>";
		};
		02F3D6701D5CBAF10074EA73 /* Swift-11-facebook-login */ = {
			isa = PBXGroup;
			children = (
				02F3D69F1D5CBB900074EA73 /* FBSDKCoreKit.framework */,
				02F3D6A01D5CBB900074EA73 /* FBSDKLoginKit.framework */,
				02F3D6711D5CBAF10074EA73 /* AppDelegate.swift */,
				02F3D6731D5CBAF10074EA73 /* ViewController.swift */,
				02F3D6751D5CBAF10074EA73 /* Main.storyboard */,
				02F3D6781D5CBAF10074EA73 /* Assets.xcassets */,
				02F3D67A1D5CBAF10074EA73 /* LaunchScreen.storyboard */,
				02F3D67D1D5CBAF10074EA73 /* Info.plist */,
				02F3D6A31D5CBDB60074EA73 /* bridging-header.h */,
			);
			path = "Swift-11-facebook-login";
			sourceTree = "<group>";
		};
		02F3D6851D5CBAF10074EA73 /* Swift-11-facebook-loginTests */ = {
			isa = PBXGroup;
			children = (
				02F3D6861D5CBAF10074EA73 /* Swift_11_facebook_loginTests.swift */,
				02F3D6881D5CBAF10074EA73 /* Info.plist */,
			);
			path = "Swift-11-facebook-loginTests";
			sourceTree = "<group>";
		};
		02F3D6901D5CBAF10074EA73 /* Swift-11-facebook-loginUITests */ = {
			isa = PBXGroup;
			children = (
				02F3D6911D5CBAF10074EA73 /* Swift_11_facebook_loginUITests.swift */,
				02F3D6931D5CBAF10074EA73 /* Info.plist */,
			);
			path = "Swift-11-facebook-loginUITests";
			sourceTree = "<group>";
		};
/* End PBXGroup section */

/* Begin PBXNativeTarget section */
		02F3D66D1D5CBAF10074EA73 /* Swift-11-facebook-login */ = {
			isa = PBXNativeTarget;
			buildConfigurationList = 02F3D6961D5CBAF10074EA73 /* Build configuration list for PBXNativeTarget "Swift-11-facebook-login" */;
			buildPhases = (
				02F3D66A1D5CBAF10074EA73 /* Sources */,
				02F3D66B1D5CBAF10074EA73 /* Frameworks */,
				02F3D66C1D5CBAF10074EA73 /* Resources */,
			);
			buildRules = (
			);
			dependencies = (
			);
			name = "Swift-11-facebook-login";
			productName = "Swift-11-facebook-login";
			productReference = 02F3D66E1D5CBAF10074EA73 /* Swift-11-facebook-login.app */;
			productType = "com.apple.product-type.application";
		};
		02F3D6811D5CBAF10074EA73 /* Swift-11-facebook-loginTests */ = {
			isa = PBXNativeTarget;
			buildConfigurationList = 02F3D6991D5CBAF10074EA73 /* Build configuration list for PBXNativeTarget "Swift-11-facebook-loginTests" */;
			buildPhases = (
				02F3D67E1D5CBAF10074EA73 /* Sources */,
				02F3D67F1D5CBAF10074EA73 /* Frameworks */,
				02F3D6801D5CBAF10074EA73 /* Resources */,
			);
			buildRules = (
			);
			dependencies = (
				02F3D6841D5CBAF10074EA73 /* PBXTargetDependency */,
			);
			name = "Swift-11-facebook-loginTests";
			productName = "Swift-11-facebook-loginTests";
			productReference = 02F3D6821D5CBAF10074EA73 /* Swift-11-facebook-loginTests.xctest */;
			productType = "com.apple.product-type.bundle.unit-test";
		};
		02F3D68C1D5CBAF10074EA73 /* Swift-11-facebook-loginUITests */ = {
			isa = PBXNativeTarget;
			buildConfigurationList = 02F3D69C1D5CBAF10074EA73 /* Build configuration list for PBXNativeTarget "Swift-11-facebook-loginUITests" */;
			buildPhases = (
				02F3D6891D5CBAF10074EA73 /* Sources */,
				02F3D68A1D5CBAF10074EA73 /* Frameworks */,
				02F3D68B1D5CBAF10074EA73 /* Resources */,
			);
			buildRules = (
			);
			dependencies = (
				02F3D68F1D5CBAF10074EA73 /* PBXTargetDependency */,
			);
			name = "Swift-11-facebook-loginUITests";
			productName = "Swift-11-facebook-loginUITests";
			productReference = 02F3D68D1D5CBAF10074EA73 /* Swift-11-facebook-loginUITests.xctest */;
			productType = "com.apple.product-type.bundle.ui-testing";
		};
/* End PBXNativeTarget section */

/* Begin PBXProject section */
		02F3D6661D5CBAF10074EA73 /* Project object */ = {
			isa = PBXProject;
			attributes = {
				LastSwiftUpdateCheck = 0720;
				LastUpgradeCheck = 0720;
				ORGANIZATIONNAME = fr.successclub;
				TargetAttributes = {
					02F3D66D1D5CBAF10074EA73 = {
						CreatedOnToolsVersion = 7.2.1;
					};
					02F3D6811D5CBAF10074EA73 = {
						CreatedOnToolsVersion = 7.2.1;
						TestTargetID = 02F3D66D1D5CBAF10074EA73;
					};
					02F3D68C1D5CBAF10074EA73 = {
						CreatedOnToolsVersion = 7.2.1;
						TestTargetID = 02F3D66D1D5CBAF10074EA73;
					};
				};
			};
			buildConfigurationList = 02F3D6691D5CBAF10074EA73 /* Build configuration list for PBXProject "Swift-11-facebook-login" */;
			compatibilityVersion = "Xcode 3.2";
			developmentRegion = English;
			hasScannedForEncodings = 0;
			knownRegions = (
				en,
				Base,
			);
			mainGroup = 02F3D6651D5CBAF10074EA73;
			productRefGroup = 02F3D66F1D5CBAF10074EA73 /* Products */;
			projectDirPath = "";
			projectRoot = "";
			targets = (
				02F3D66D1D5CBAF10074EA73 /* Swift-11-facebook-login */,
				02F3D6811D5CBAF10074EA73 /* Swift-11-facebook-loginTests */,
				02F3D68C1D5CBAF10074EA73 /* Swift-11-facebook-loginUITests */,
			);
		};
/* End PBXProject section */

/* Begin PBXResourcesBuildPhase section */
		02F3D66C1D5CBAF10074EA73 /* Resources */ = {
			isa = PBXResourcesBuildPhase;
			buildActionMask = 2147483647;
			files = (
				02F3D67C1D5CBAF10074EA73 /* LaunchScreen.storyboard in Resources */,
				02F3D6791D5CBAF10074EA73 /* Assets.xcassets in Resources */,
				02F3D6771D5CBAF10074EA73 /* Main.storyboard in Resources */,
			);
			runOnlyForDeploymentPostprocessing = 0;
		};
		02F3D6801D5CBAF10074EA73 /* Resources */ = {
			isa = PBXResourcesBuildPhase;
			buildActionMask = 2147483647;
			files = (
			);
			runOnlyForDeploymentPostprocessing = 0;
		};
		02F3D68B1D5CBAF10074EA73 /* Resources */ = {
			isa = PBXResourcesBuildPhase;
			buildActionMask = 2147483647;
			files = (
			);
			runOnlyForDeploymentPostprocessing = 0;
		};
/* End PBXResourcesBuildPhase section */

/* Begin PBXSourcesBuildPhase section */
		02F3D66A1D5CBAF10074EA73 /* Sources */ = {
			isa = PBXSourcesBuildPhase;
			buildActionMask = 2147483647;
			files = (
				02F3D6741D5CBAF10074EA73 /* ViewController.swift in Sources */,
				02F3D6721D5CBAF10074EA73 /* AppDelegate.swift in Sources */,
			);
			runOnlyForDeploymentPostprocessing = 0;
		};
		02F3D67E1D5CBAF10074EA73 /* Sources */ = {
			isa = PBXSourcesBuildPhase;
			buildActionMask = 2147483647;
			files = (
				02F3D6871D5CBAF10074EA73 /* Swift_11_facebook_loginTests.swift in Sources */,
			);
			runOnlyForDeploymentPostprocessing = 0;
		};
		02F3D6891D5CBAF10074EA73 /* Sources */ = {
			isa = PBXSourcesBuildPhase;
			buildActionMask = 2147483647;
			files = (
				02F3D6921D5CBAF10074EA73 /* Swift_11_facebook_loginUITests.swift in Sources */,
			);
			runOnlyForDeploymentPostprocessing = 0;
		};
/* End PBXSourcesBuildPhase section */

/* Begin PBXTargetDependency section */
		02F3D6841D5CBAF10074EA73 /* PBXTargetDependency */ = {
			isa = PBXTargetDependency;
			target = 02F3D66D1D5CBAF10074EA73 /* Swift-11-facebook-login */;
			targetProxy = 02F3D6831D5CBAF10074EA73 /* PBXContainerItemProxy */;
		};
		02F3D68F1D5CBAF10074EA73 /* PBXTargetDependency */ = {
			isa = PBXTargetDependency;
			target = 02F3D66D1D5CBAF10074EA73 /* Swift-11-facebook-login */;
			targetProxy = 02F3D68E1D5CBAF10074EA73 /* PBXContainerItemProxy */;
		};
/* End PBXTargetDependency section */

/* Begin PBXVariantGroup section */
		02F3D6751D5CBAF10074EA73 /* Main.storyboard */ = {
			isa = PBXVariantGroup;
			children = (
				02F3D6761D5CBAF10074EA73 /* Base */,
			);
			name = Main.storyboard;
			sourceTree = "<group>";
		};
		02F3D67A1D5CBAF10074EA73 /* LaunchScreen.storyboard */ = {
			isa = PBXVariantGroup;
			children = (
				02F3D67B1D5CBAF10074EA73 /* Base */,
			);
			name = LaunchScreen.storyboard;
			sourceTree = "<group>";
		};
/* End PBXVariantGroup section */

/* Begin XCBuildConfiguration section */
		02F3D6941D5CBAF10074EA73 /* Debug */ = {
			isa = XCBuildConfiguration;
			buildSettings = {
				ALWAYS_SEARCH_USER_PATHS = NO;
				CLANG_CXX_LANGUAGE_STANDARD = "gnu++0x";
				CLANG_CXX_LIBRARY = "libc++";
				CLANG_ENABLE_MODULES = YES;
				CLANG_ENABLE_OBJC_ARC = YES;
				CLANG_WARN_BOOL_CONVERSION = YES;
				CLANG_WARN_CONSTANT_CONVERSION = YES;
				CLANG_WARN_DIRECT_OBJC_ISA_USAGE = YES_ERROR;
				CLANG_WARN_EMPTY_BODY = YES;
				CLANG_WARN_ENUM_CONVERSION = YES;
				CLANG_WARN_INT_CONVERSION = YES;
				CLANG_WARN_OBJC_ROOT_CLASS = YES_ERROR;
				CLANG_WARN_UNREACHABLE_CODE = YES;
				CLANG_WARN__DUPLICATE_METHOD_MATCH = YES;
				"CODE_SIGN_IDENTITY[sdk=iphoneos*]" = "iPhone Developer";
				COPY_PHASE_STRIP = NO;
				DEBUG_INFORMATION_FORMAT = dwarf;
				ENABLE_STRICT_OBJC_MSGSEND = YES;
				ENABLE_TESTABILITY = YES;
				GCC_C_LANGUAGE_STANDARD = gnu99;
				GCC_DYNAMIC_NO_PIC = NO;
				GCC_NO_COMMON_BLOCKS = YES;
				GCC_OPTIMIZATION_LEVEL = 0;
				GCC_PREPROCESSOR_DEFINITIONS = (
					"DEBUG=1",
					"$(inherited)",
				);
				GCC_WARN_64_TO_32_BIT_CONVERSION = YES;
				GCC_WARN_ABOUT_RETURN_TYPE = YES_ERROR;
				GCC_WARN_UNDECLARED_SELECTOR = YES;
				GCC_WARN_UNINITIALIZED_AUTOS = YES_AGGRESSIVE;
				GCC_WARN_UNUSED_FUNCTION = YES;
				GCC_WARN_UNUSED_VARIABLE = YES;
				IPHONEOS_DEPLOYMENT_TARGET = 9.2;
				MTL_ENABLE_DEBUG_INFO = YES;
				ONLY_ACTIVE_ARCH = YES;
				SDKROOT = iphoneos;
				SWIFT_OPTIMIZATION_LEVEL = "-Onone";
			};
			name = Debug;
		};
		02F3D6951D5CBAF10074EA73 /* Release */ = {
			isa = XCBuildConfiguration;
			buildSettings = {
				ALWAYS_SEARCH_USER_PATHS = NO;
				CLANG_CXX_LANGUAGE_STANDARD = "gnu++0x";
				CLANG_CXX_LIBRARY = "libc++";
				CLANG_ENABLE_MODULES = YES;
				CLANG_ENABLE_OBJC_ARC = YES;
				CLANG_WARN_BOOL_CONVERSION = YES;
				CLANG_WARN_CONSTANT_CONVERSION = YES;
				CLANG_WARN_DIRECT_OBJC_ISA_USAGE = YES_ERROR;
				CLANG_WARN_EMPTY_BODY = YES;
				CLANG_WARN_ENUM_CONVERSION = YES;
				CLANG_WARN_INT_CONVERSION = YES;
				CLANG_WARN_OBJC_ROOT_CLASS = YES_ERROR;
				CLANG_WARN_UNREACHABLE_CODE = YES;
				CLANG_WARN__DUPLICATE_METHOD_MATCH = YES;
				"CODE_SIGN_IDENTITY[sdk=iphoneos*]" = "iPhone Developer";
				COPY_PHASE_STRIP = NO;
				DEBUG_INFORMATION_FORMAT = "dwarf-with-dsym";
				ENABLE_NS_ASSERTIONS = NO;
				ENABLE_STRICT_OBJC_MSGSEND = YES;
				GCC_C_LANGUAGE_STANDARD = gnu99;
				GCC_NO_COMMON_BLOCKS = YES;
				GCC_WARN_64_TO_32_BIT_CONVERSION = YES;
				GCC_WARN_ABOUT_RETURN_TYPE = YES_ERROR;
				GCC_WARN_UNDECLARED_SELECTOR = YES;
				GCC_WARN_UNINITIALIZED_AUTOS = YES_AGGRESSIVE;
				GCC_WARN_UNUSED_FUNCTION = YES;
				GCC_WARN_UNUSED_VARIABLE = YES;
				IPHONEOS_DEPLOYMENT_TARGET = 9.2;
				MTL_ENABLE_DEBUG_INFO = NO;
				SDKROOT = iphoneos;
				VALIDATE_PRODUCT = YES;
			};
			name = Release;
		};
		02F3D6971D5CBAF10074EA73 /* Debug */ = {
			isa = XCBuildConfiguration;
			buildSettings = {
				ASSETCATALOG_COMPILER_APPICON_NAME = AppIcon;
				FRAMEWORK_SEARCH_PATHS = (
					"$(inherited)",
					"$(PROJECT_DIR)/Swift-11-facebook-login",
				);
				INFOPLIST_FILE = "Swift-11-facebook-login/Info.plist";
				LD_RUNPATH_SEARCH_PATHS = "$(inherited) @executable_path/Frameworks";
				PRODUCT_BUNDLE_IDENTIFIER = "fr.jerome.Swift-11-facebook-login";
				PRODUCT_NAME = "$(TARGET_NAME)";
				SWIFT_OBJC_BRIDGING_HEADER = "Swift-11-facebook-login/bridging-header.h";
			};
			name = Debug;
		};
		02F3D6981D5CBAF10074EA73 /* Release */ = {
			isa = XCBuildConfiguration;
			buildSettings = {
				ASSETCATALOG_COMPILER_APPICON_NAME = AppIcon;
				FRAMEWORK_SEARCH_PATHS = (
					"$(inherited)",
					"$(PROJECT_DIR)/Swift-11-facebook-login",
				);
				INFOPLIST_FILE = "Swift-11-facebook-login/Info.plist";
				LD_RUNPATH_SEARCH_PATHS = "$(inherited) @executable_path/Frameworks";
				PRODUCT_BUNDLE_IDENTIFIER = "fr.jerome.Swift-11-facebook-login";
				PRODUCT_NAME = "$(TARGET_NAME)";
				SWIFT_OBJC_BRIDGING_HEADER = "Swift-11-facebook-login/bridging-header.h";
			};
			name = Release;
		};
		02F3D69A1D5CBAF10074EA73 /* Debug */ = {
			isa = XCBuildConfiguration;
			buildSettings = {
				BUNDLE_LOADER = "$(TEST_HOST)";
				INFOPLIST_FILE = "Swift-11-facebook-loginTests/Info.plist";
				LD_RUNPATH_SEARCH_PATHS = "$(inherited) @executable_path/Frameworks @loader_path/Frameworks";
				PRODUCT_BUNDLE_IDENTIFIER = "fr.successclub.Swift-11-facebook-loginTests";
				PRODUCT_NAME = "$(TARGET_NAME)";
				TEST_HOST = "$(BUILT_PRODUCTS_DIR)/Swift-11-facebook-login.app/Swift-11-facebook-login";
			};
			name = Debug;
		};
		02F3D69B1D5CBAF10074EA73 /* Release */ = {
			isa = XCBuildConfiguration;
			buildSettings = {
				BUNDLE_LOADER = "$(TEST_HOST)";
				INFOPLIST_FILE = "Swift-11-facebook-loginTests/Info.plist";
				LD_RUNPATH_SEARCH_PATHS = "$(inherited) @executable_path/Frameworks @loader_path/Frameworks";
				PRODUCT_BUNDLE_IDENTIFIER = "fr.successclub.Swift-11-facebook-loginTests";
				PRODUCT_NAME = "$(TARGET_NAME)";
				TEST_HOST = "$(BUILT_PRODUCTS_DIR)/Swift-11-facebook-login.app/Swift-11-facebook-login";
			};
			name = Release;
		};
		02F3D69D1D5CBAF10074EA73 /* Debug */ = {
			isa = XCBuildConfiguration;
			buildSettings = {
				INFOPLIST_FILE = "Swift-11-facebook-loginUITests/Info.plist";
				LD_RUNPATH_SEARCH_PATHS = "$(inherited) @executable_path/Frameworks @loader_path/Frameworks";
				PRODUCT_BUNDLE_IDENTIFIER = "fr.successclub.Swift-11-facebook-loginUITests";
				PRODUCT_NAME = "$(TARGET_NAME)";
				TEST_TARGET_NAME = "Swift-11-facebook-login";
				USES_XCTRUNNER = YES;
			};
			name = Debug;
		};
		02F3D69E1D5CBAF10074EA73 /* Release */ = {
			isa = XCBuildConfiguration;
			buildSettings = {
				INFOPLIST_FILE = "Swift-11-facebook-loginUITests/Info.plist";
				LD_RUNPATH_SEARCH_PATHS = "$(inherited) @executable_path/Frameworks @loader_path/Frameworks";
				PRODUCT_BUNDLE_IDENTIFIER = "fr.successclub.Swift-11-facebook-loginUITests";
				PRODUCT_NAME = "$(TARGET_NAME)";
				TEST_TARGET_NAME = "Swift-11-facebook-login";
				USES_XCTRUNNER = YES;
			};
			name = Release;
		};
/* End XCBuildConfiguration section */

/* Begin XCConfigurationList section */
		02F3D6691D5CBAF10074EA73 /* Build configuration list for PBXProject "Swift-11-facebook-login" */ = {
			isa = XCConfigurationList;
			buildConfigurations = (
				02F3D6941D5CBAF10074EA73 /* Debug */,
				02F3D6951D5CBAF10074EA73 /* Release */,
			);
			defaultConfigurationIsVisible = 0;
			defaultConfigurationName = Release;
		};
		02F3D6961D5CBAF10074EA73 /* Build configuration list for PBXNativeTarget "Swift-11-facebook-login" */ = {
			isa = XCConfigurationList;
			buildConfigurations = (
				02F3D6971D5CBAF10074EA73 /* Debug */,
				02F3D6981D5CBAF10074EA73 /* Release */,
			);
			defaultConfigurationIsVisible = 0;
		};
		02F3D6991D5CBAF10074EA73 /* Build configuration list for PBXNativeTarget "Swift-11-facebook-loginTests" */ = {
			isa = XCConfigurationList;
			buildConfigurations = (
				02F3D69A1D5CBAF10074EA73 /* Debug */,
				02F3D69B1D5CBAF10074EA73 /* Release */,
			);
			defaultConfigurationIsVisible = 0;
		};
		02F3D69C1D5CBAF10074EA73 /* Build configuration list for PBXNativeTarget "Swift-11-facebook-loginUITests" */ = {
			isa = XCConfigurationList;
			buildConfigurations = (
				02F3D69D1D5CBAF10074EA73 /* Debug */,
				02F3D69E1D5CBAF10074EA73 /* Release */,
			);
			defaultConfigurationIsVisible = 0;
		};
/* End XCConfigurationList section */
	};
	rootObject = 02F3D6661D5CBAF10074EA73 /* Project object */;
}
