// !$*UTF8*$!
{
	archiveVersion = 1;
	classes = {
	};
	objectVersion = 46;
	objects = {

/* Begin PBXBuildFile section */
		02F3D5101D5BC9BF0074EA73 /* AppDelegate.swift in Sources */ = {isa = PBXBuildFile; fileRef = 02F3D50F1D5BC9BF0074EA73 /* AppDelegate.swift */; };
		02F3D5121D5BC9BF0074EA73 /* ViewController.swift in Sources */ = {isa = PBXBuildFile; fileRef = 02F3D5111D5BC9BF0074EA73 /* ViewController.swift */; };
		02F3D5151D5BC9BF0074EA73 /* Main.storyboard in Resources */ = {isa = PBXBuildFile; fileRef = 02F3D5131D5BC9BF0074EA73 /* Main.storyboard */; };
		02F3D5171D5BC9BF0074EA73 /* Assets.xcassets in Resources */ = {isa = PBXBuildFile; fileRef = 02F3D5161D5BC9BF0074EA73 /* Assets.xcassets */; };
		02F3D51A1D5BC9BF0074EA73 /* LaunchScreen.storyboard in Resources */ = {isa = PBXBuildFile; fileRef = 02F3D5181D5BC9BF0074EA73 /* LaunchScreen.storyboard */; };
		02F3D5251D5BC9BF0074EA73 /* Swift05_layoutTests.swift in Sources */ = {isa = PBXBuildFile; fileRef = 02F3D5241D5BC9BF0074EA73 /* Swift05_layoutTests.swift */; };
		02F3D5301D5BC9BF0074EA73 /* Swift05_layoutUITests.swift in Sources */ = {isa = PBXBuildFile; fileRef = 02F3D52F1D5BC9BF0074EA73 /* Swift05_layoutUITests.swift */; };
/* End PBXBuildFile section */

/* Begin PBXContainerItemProxy section */
		02F3D5211D5BC9BF0074EA73 /* PBXContainerItemProxy */ = {
			isa = PBXContainerItemProxy;
			containerPortal = 02F3D5041D5BC9BF0074EA73 /* Project object */;
			proxyType = 1;
			remoteGlobalIDString = 02F3D50B1D5BC9BF0074EA73;
			remoteInfo = "Swift05-layout";
		};
		02F3D52C1D5BC9BF0074EA73 /* PBXContainerItemProxy */ = {
			isa = PBXContainerItemProxy;
			containerPortal = 02F3D5041D5BC9BF0074EA73 /* Project object */;
			proxyType = 1;
			remoteGlobalIDString = 02F3D50B1D5BC9BF0074EA73;
			remoteInfo = "Swift05-layout";
		};
/* End PBXContainerItemProxy section */

/* Begin PBXFileReference section */
		02F3D50C1D5BC9BF0074EA73 /* Swift05-layout.app */ = {isa = PBXFileReference; explicitFileType = wrapper.application; includeInIndex = 0; path = "Swift05-layout.app"; sourceTree = BUILT_PRODUCTS_DIR; };
		02F3D50F1D5BC9BF0074EA73 /* AppDelegate.swift */ = {isa = PBXFileReference; lastKnownFileType = sourcecode.swift; path = AppDelegate.swift; sourceTree = "<group>"; };
		02F3D5111D5BC9BF0074EA73 /* ViewController.swift */ = {isa = PBXFileReference; lastKnownFileType = sourcecode.swift; path = ViewController.swift; sourceTree = "<group>"; };
		02F3D5141D5BC9BF0074EA73 /* Base */ = {isa = PBXFileReference; lastKnownFileType = file.storyboard; name = Base; path = Base.lproj/Main.storyboard; sourceTree = "<group>"; };
		02F3D5161D5BC9BF0074EA73 /* Assets.xcassets */ = {isa = PBXFileReference; lastKnownFileType = folder.assetcatalog; path = Assets.xcassets; sourceTree = "<group>"; };
		02F3D5191D5BC9BF0074EA73 /* Base */ = {isa = PBXFileReference; lastKnownFileType = file.storyboard; name = Base; path = Base.lproj/LaunchScreen.storyboard; sourceTree = "<group>"; };
		02F3D51B1D5BC9BF0074EA73 /* Info.plist */ = {isa = PBXFileReference; lastKnownFileType = text.plist.xml; path = Info.plist; sourceTree = "<group>"; };
		02F3D5201D5BC9BF0074EA73 /* Swift05-layoutTests.xctest */ = {isa = PBXFileReference; explicitFileType = wrapper.cfbundle; includeInIndex = 0; path = "Swift05-layoutTests.xctest"; sourceTree = BUILT_PRODUCTS_DIR; };
		02F3D5241D5BC9BF0074EA73 /* Swift05_layoutTests.swift */ = {isa = PBXFileReference; lastKnownFileType = sourcecode.swift; path = Swift05_layoutTests.swift; sourceTree = "<group>"; };
		02F3D5261D5BC9BF0074EA73 /* Info.plist */ = {isa = PBXFileReference; lastKnownFileType = text.plist.xml; path = Info.plist; sourceTree = "<group>"; };
		02F3D52B1D5BC9BF0074EA73 /* Swift05-layoutUITests.xctest */ = {isa = PBXFileReference; explicitFileType = wrapper.cfbundle; includeInIndex = 0; path = "Swift05-layoutUITests.xctest"; sourceTree = BUILT_PRODUCTS_DIR; };
		02F3D52F1D5BC9BF0074EA73 /* Swift05_layoutUITests.swift */ = {isa = PBXFileReference; lastKnownFileType = sourcecode.swift; path = Swift05_layoutUITests.swift; sourceTree = "<group>"; };
		02F3D5311D5BC9BF0074EA73 /* Info.plist */ = {isa = PBXFileReference; lastKnownFileType = text.plist.xml; path = Info.plist; sourceTree = "<group>"; };
/* End PBXFileReference section */

/* Begin PBXFrameworksBuildPhase section */
		02F3D5091D5BC9BF0074EA73 /* Frameworks */ = {
			isa = PBXFrameworksBuildPhase;
			buildActionMask = 2147483647;
			files = (
			);
			runOnlyForDeploymentPostprocessing = 0;
		};
		02F3D51D1D5BC9BF0074EA73 /* Frameworks */ = {
			isa = PBXFrameworksBuildPhase;
			buildActionMask = 2147483647;
			files = (
			);
			runOnlyForDeploymentPostprocessing = 0;
		};
		02F3D5281D5BC9BF0074EA73 /* Frameworks */ = {
			isa = PBXFrameworksBuildPhase;
			buildActionMask = 2147483647;
			files = (
			);
			runOnlyForDeploymentPostprocessing = 0;
		};
/* End PBXFrameworksBuildPhase section */

/* Begin PBXGroup section */
		02F3D5031D5BC9BF0074EA73 = {
			isa = PBXGroup;
			children = (
				02F3D50E1D5BC9BF0074EA73 /* Swift05-layout */,
				02F3D5231D5BC9BF0074EA73 /* Swift05-layoutTests */,
				02F3D52E1D5BC9BF0074EA73 /* Swift05-layoutUITests */,
				02F3D50D1D5BC9BF0074EA73 /* Products */,
			);
			sourceTree = "<group>";
		};
		02F3D50D1D5BC9BF0074EA73 /* Products */ = {
			isa = PBXGroup;
			children = (
				02F3D50C1D5BC9BF0074EA73 /* Swift05-layout.app */,
				02F3D5201D5BC9BF0074EA73 /* Swift05-layoutTests.xctest */,
				02F3D52B1D5BC9BF0074EA73 /* Swift05-layoutUITests.xctest */,
			);
			name = Products;
			sourceTree = "<group>";
		};
		02F3D50E1D5BC9BF0074EA73 /* Swift05-layout */ = {
			isa = PBXGroup;
			children = (
				02F3D50F1D5BC9BF0074EA73 /* AppDelegate.swift */,
				02F3D5111D5BC9BF0074EA73 /* ViewController.swift */,
				02F3D5131D5BC9BF0074EA73 /* Main.storyboard */,
				02F3D5161D5BC9BF0074EA73 /* Assets.xcassets */,
				02F3D5181D5BC9BF0074EA73 /* LaunchScreen.storyboard */,
				02F3D51B1D5BC9BF0074EA73 /* Info.plist */,
			);
			path = "Swift05-layout";
			sourceTree = "<group>";
		};
		02F3D5231D5BC9BF0074EA73 /* Swift05-layoutTests */ = {
			isa = PBXGroup;
			children = (
				02F3D5241D5BC9BF0074EA73 /* Swift05_layoutTests.swift */,
				02F3D5261D5BC9BF0074EA73 /* Info.plist */,
			);
			path = "Swift05-layoutTests";
			sourceTree = "<group>";
		};
		02F3D52E1D5BC9BF0074EA73 /* Swift05-layoutUITests */ = {
			isa = PBXGroup;
			children = (
				02F3D52F1D5BC9BF0074EA73 /* Swift05_layoutUITests.swift */,
				02F3D5311D5BC9BF0074EA73 /* Info.plist */,
			);
			path = "Swift05-layoutUITests";
			sourceTree = "<group>";
		};
/* End PBXGroup section */

/* Begin PBXNativeTarget section */
		02F3D50B1D5BC9BF0074EA73 /* Swift05-layout */ = {
			isa = PBXNativeTarget;
			buildConfigurationList = 02F3D5341D5BC9BF0074EA73 /* Build configuration list for PBXNativeTarget "Swift05-layout" */;
			buildPhases = (
				02F3D5081D5BC9BF0074EA73 /* Sources */,
				02F3D5091D5BC9BF0074EA73 /* Frameworks */,
				02F3D50A1D5BC9BF0074EA73 /* Resources */,
			);
			buildRules = (
			);
			dependencies = (
			);
			name = "Swift05-layout";
			productName = "Swift05-layout";
			productReference = 02F3D50C1D5BC9BF0074EA73 /* Swift05-layout.app */;
			productType = "com.apple.product-type.application";
		};
		02F3D51F1D5BC9BF0074EA73 /* Swift05-layoutTests */ = {
			isa = PBXNativeTarget;
			buildConfigurationList = 02F3D5371D5BC9BF0074EA73 /* Build configuration list for PBXNativeTarget "Swift05-layoutTests" */;
			buildPhases = (
				02F3D51C1D5BC9BF0074EA73 /* Sources */,
				02F3D51D1D5BC9BF0074EA73 /* Frameworks */,
				02F3D51E1D5BC9BF0074EA73 /* Resources */,
			);
			buildRules = (
			);
			dependencies = (
				02F3D5221D5BC9BF0074EA73 /* PBXTargetDependency */,
			);
			name = "Swift05-layoutTests";
			productName = "Swift05-layoutTests";
			productReference = 02F3D5201D5BC9BF0074EA73 /* Swift05-layoutTests.xctest */;
			productType = "com.apple.product-type.bundle.unit-test";
		};
		02F3D52A1D5BC9BF0074EA73 /* Swift05-layoutUITests */ = {
			isa = PBXNativeTarget;
			buildConfigurationList = 02F3D53A1D5BC9BF0074EA73 /* Build configuration list for PBXNativeTarget "Swift05-layoutUITests" */;
			buildPhases = (
				02F3D5271D5BC9BF0074EA73 /* Sources */,
				02F3D5281D5BC9BF0074EA73 /* Frameworks */,
				02F3D5291D5BC9BF0074EA73 /* Resources */,
			);
			buildRules = (
			);
			dependencies = (
				02F3D52D1D5BC9BF0074EA73 /* PBXTargetDependency */,
			);
			name = "Swift05-layoutUITests";
			productName = "Swift05-layoutUITests";
			productReference = 02F3D52B1D5BC9BF0074EA73 /* Swift05-layoutUITests.xctest */;
			productType = "com.apple.product-type.bundle.ui-testing";
		};
/* End PBXNativeTarget section */

/* Begin PBXProject section */
		02F3D5041D5BC9BF0074EA73 /* Project object */ = {
			isa = PBXProject;
			attributes = {
				LastSwiftUpdateCheck = 0720;
				LastUpgradeCheck = 0720;
				ORGANIZATIONNAME = fr.successclub;
				TargetAttributes = {
					02F3D50B1D5BC9BF0074EA73 = {
						CreatedOnToolsVersion = 7.2.1;
					};
					02F3D51F1D5BC9BF0074EA73 = {
						CreatedOnToolsVersion = 7.2.1;
						TestTargetID = 02F3D50B1D5BC9BF0074EA73;
					};
					02F3D52A1D5BC9BF0074EA73 = {
						CreatedOnToolsVersion = 7.2.1;
						TestTargetID = 02F3D50B1D5BC9BF0074EA73;
					};
				};
			};
			buildConfigurationList = 02F3D5071D5BC9BF0074EA73 /* Build configuration list for PBXProject "Swift05-layout" */;
			compatibilityVersion = "Xcode 3.2";
			developmentRegion = English;
			hasScannedForEncodings = 0;
			knownRegions = (
				en,
				Base,
			);
			mainGroup = 02F3D5031D5BC9BF0074EA73;
			productRefGroup = 02F3D50D1D5BC9BF0074EA73 /* Products */;
			projectDirPath = "";
			projectRoot = "";
			targets = (
				02F3D50B1D5BC9BF0074EA73 /* Swift05-layout */,
				02F3D51F1D5BC9BF0074EA73 /* Swift05-layoutTests */,
				02F3D52A1D5BC9BF0074EA73 /* Swift05-layoutUITests */,
			);
		};
/* End PBXProject section */

/* Begin PBXResourcesBuildPhase section */
		02F3D50A1D5BC9BF0074EA73 /* Resources */ = {
			isa = PBXResourcesBuildPhase;
			buildActionMask = 2147483647;
			files = (
				02F3D51A1D5BC9BF0074EA73 /* LaunchScreen.storyboard in Resources */,
				02F3D5171D5BC9BF0074EA73 /* Assets.xcassets in Resources */,
				02F3D5151D5BC9BF0074EA73 /* Main.storyboard in Resources */,
			);
			runOnlyForDeploymentPostprocessing = 0;
		};
		02F3D51E1D5BC9BF0074EA73 /* Resources */ = {
			isa = PBXResourcesBuildPhase;
			buildActionMask = 2147483647;
			files = (
			);
			runOnlyForDeploymentPostprocessing = 0;
		};
		02F3D5291D5BC9BF0074EA73 /* Resources */ = {
			isa = PBXResourcesBuildPhase;
			buildActionMask = 2147483647;
			files = (
			);
			runOnlyForDeploymentPostprocessing = 0;
		};
/* End PBXResourcesBuildPhase section */

/* Begin PBXSourcesBuildPhase section */
		02F3D5081D5BC9BF0074EA73 /* Sources */ = {
			isa = PBXSourcesBuildPhase;
			buildActionMask = 2147483647;
			files = (
				02F3D5121D5BC9BF0074EA73 /* ViewController.swift in Sources */,
				02F3D5101D5BC9BF0074EA73 /* AppDelegate.swift in Sources */,
			);
			runOnlyForDeploymentPostprocessing = 0;
		};
		02F3D51C1D5BC9BF0074EA73 /* Sources */ = {
			isa = PBXSourcesBuildPhase;
			buildActionMask = 2147483647;
			files = (
				02F3D5251D5BC9BF0074EA73 /* Swift05_layoutTests.swift in Sources */,
			);
			runOnlyForDeploymentPostprocessing = 0;
		};
		02F3D5271D5BC9BF0074EA73 /* Sources */ = {
			isa = PBXSourcesBuildPhase;
			buildActionMask = 2147483647;
			files = (
				02F3D5301D5BC9BF0074EA73 /* Swift05_layoutUITests.swift in Sources */,
			);
			runOnlyForDeploymentPostprocessing = 0;
		};
/* End PBXSourcesBuildPhase section */

/* Begin PBXTargetDependency section */
		02F3D5221D5BC9BF0074EA73 /* PBXTargetDependency */ = {
			isa = PBXTargetDependency;
			target = 02F3D50B1D5BC9BF0074EA73 /* Swift05-layout */;
			targetProxy = 02F3D5211D5BC9BF0074EA73 /* PBXContainerItemProxy */;
		};
		02F3D52D1D5BC9BF0074EA73 /* PBXTargetDependency */ = {
			isa = PBXTargetDependency;
			target = 02F3D50B1D5BC9BF0074EA73 /* Swift05-layout */;
			targetProxy = 02F3D52C1D5BC9BF0074EA73 /* PBXContainerItemProxy */;
		};
/* End PBXTargetDependency section */

/* Begin PBXVariantGroup section */
		02F3D5131D5BC9BF0074EA73 /* Main.storyboard */ = {
			isa = PBXVariantGroup;
			children = (
				02F3D5141D5BC9BF0074EA73 /* Base */,
			);
			name = Main.storyboard;
			sourceTree = "<group>";
		};
		02F3D5181D5BC9BF0074EA73 /* LaunchScreen.storyboard */ = {
			isa = PBXVariantGroup;
			children = (
				02F3D5191D5BC9BF0074EA73 /* Base */,
			);
			name = LaunchScreen.storyboard;
			sourceTree = "<group>";
		};
/* End PBXVariantGroup section */

/* Begin XCBuildConfiguration section */
		02F3D5321D5BC9BF0074EA73 /* Debug */ = {
			isa = XCBuildConfiguration;
			buildSettings = {
				ALWAYS_SEARCH_USER_PATHS = NO;
				CLANG_CXX_LANGUAGE_STANDARD = "gnu++0x";
				CLANG_CXX_LIBRARY = "libc++";
				CLANG_ENABLE_MODULES = YES;
				CLANG_ENABLE_OBJC_ARC = YES;
				CLANG_WARN_BOOL_CONVERSION = YES;
				CLANG_WARN_CONSTANT_CONVERSION = YES;
				CLANG_WARN_DIRECT_OBJC_ISA_USAGE = YES_ERROR;
				CLANG_WARN_EMPTY_BODY = YES;
				CLANG_WARN_ENUM_CONVERSION = YES;
				CLANG_WARN_INT_CONVERSION = YES;
				CLANG_WARN_OBJC_ROOT_CLASS = YES_ERROR;
				CLANG_WARN_UNREACHABLE_CODE = YES;
				CLANG_WARN__DUPLICATE_METHOD_MATCH = YES;
				"CODE_SIGN_IDENTITY[sdk=iphoneos*]" = "iPhone Developer";
				COPY_PHASE_STRIP = NO;
				DEBUG_INFORMATION_FORMAT = dwarf;
				ENABLE_STRICT_OBJC_MSGSEND = YES;
				ENABLE_TESTABILITY = YES;
				GCC_C_LANGUAGE_STANDARD = gnu99;
				GCC_DYNAMIC_NO_PIC = NO;
				GCC_NO_COMMON_BLOCKS = YES;
				GCC_OPTIMIZATION_LEVEL = 0;
				GCC_PREPROCESSOR_DEFINITIONS = (
					"DEBUG=1",
					"$(inherited)",
				);
				GCC_WARN_64_TO_32_BIT_CONVERSION = YES;
				GCC_WARN_ABOUT_RETURN_TYPE = YES_ERROR;
				GCC_WARN_UNDECLARED_SELECTOR = YES;
				GCC_WARN_UNINITIALIZED_AUTOS = YES_AGGRESSIVE;
				GCC_WARN_UNUSED_FUNCTION = YES;
				GCC_WARN_UNUSED_VARIABLE = YES;
				IPHONEOS_DEPLOYMENT_TARGET = 9.2;
				MTL_ENABLE_DEBUG_INFO = YES;
				ONLY_ACTIVE_ARCH = YES;
				SDKROOT = iphoneos;
				SWIFT_OPTIMIZATION_LEVEL = "-Onone";
			};
			name = Debug;
		};
		02F3D5331D5BC9BF0074EA73 /* Release */ = {
			isa = XCBuildConfiguration;
			buildSettings = {
				ALWAYS_SEARCH_USER_PATHS = NO;
				CLANG_CXX_LANGUAGE_STANDARD = "gnu++0x";
				CLANG_CXX_LIBRARY = "libc++";
				CLANG_ENABLE_MODULES = YES;
				CLANG_ENABLE_OBJC_ARC = YES;
				CLANG_WARN_BOOL_CONVERSION = YES;
				CLANG_WARN_CONSTANT_CONVERSION = YES;
				CLANG_WARN_DIRECT_OBJC_ISA_USAGE = YES_ERROR;
				CLANG_WARN_EMPTY_BODY = YES;
				CLANG_WARN_ENUM_CONVERSION = YES;
				CLANG_WARN_INT_CONVERSION = YES;
				CLANG_WARN_OBJC_ROOT_CLASS = YES_ERROR;
				CLANG_WARN_UNREACHABLE_CODE = YES;
				CLANG_WARN__DUPLICATE_METHOD_MATCH = YES;
				"CODE_SIGN_IDENTITY[sdk=iphoneos*]" = "iPhone Developer";
				COPY_PHASE_STRIP = NO;
				DEBUG_INFORMATION_FORMAT = "dwarf-with-dsym";
				ENABLE_NS_ASSERTIONS = NO;
				ENABLE_STRICT_OBJC_MSGSEND = YES;
				GCC_C_LANGUAGE_STANDARD = gnu99;
				GCC_NO_COMMON_BLOCKS = YES;
				GCC_WARN_64_TO_32_BIT_CONVERSION = YES;
				GCC_WARN_ABOUT_RETURN_TYPE = YES_ERROR;
				GCC_WARN_UNDECLARED_SELECTOR = YES;
				GCC_WARN_UNINITIALIZED_AUTOS = YES_AGGRESSIVE;
				GCC_WARN_UNUSED_FUNCTION = YES;
				GCC_WARN_UNUSED_VARIABLE = YES;
				IPHONEOS_DEPLOYMENT_TARGET = 9.2;
				MTL_ENABLE_DEBUG_INFO = NO;
				SDKROOT = iphoneos;
				VALIDATE_PRODUCT = YES;
			};
			name = Release;
		};
		02F3D5351D5BC9BF0074EA73 /* Debug */ = {
			isa = XCBuildConfiguration;
			buildSettings = {
				ASSETCATALOG_COMPILER_APPICON_NAME = AppIcon;
				INFOPLIST_FILE = "Swift05-layout/Info.plist";
				LD_RUNPATH_SEARCH_PATHS = "$(inherited) @executable_path/Frameworks";
				PRODUCT_BUNDLE_IDENTIFIER = "fr.successclub.Swift05-layout";
				PRODUCT_NAME = "$(TARGET_NAME)";
			};
			name = Debug;
		};
		02F3D5361D5BC9BF0074EA73 /* Release */ = {
			isa = XCBuildConfiguration;
			buildSettings = {
				ASSETCATALOG_COMPILER_APPICON_NAME = AppIcon;
				INFOPLIST_FILE = "Swift05-layout/Info.plist";
				LD_RUNPATH_SEARCH_PATHS = "$(inherited) @executable_path/Frameworks";
				PRODUCT_BUNDLE_IDENTIFIER = "fr.successclub.Swift05-layout";
				PRODUCT_NAME = "$(TARGET_NAME)";
			};
			name = Release;
		};
		02F3D5381D5BC9BF0074EA73 /* Debug */ = {
			isa = XCBuildConfiguration;
			buildSettings = {
				BUNDLE_LOADER = "$(TEST_HOST)";
				INFOPLIST_FILE = "Swift05-layoutTests/Info.plist";
				LD_RUNPATH_SEARCH_PATHS = "$(inherited) @executable_path/Frameworks @loader_path/Frameworks";
				PRODUCT_BUNDLE_IDENTIFIER = "fr.successclub.Swift05-layoutTests";
				PRODUCT_NAME = "$(TARGET_NAME)";
				TEST_HOST = "$(BUILT_PRODUCTS_DIR)/Swift05-layout.app/Swift05-layout";
			};
			name = Debug;
		};
		02F3D5391D5BC9BF0074EA73 /* Release */ = {
			isa = XCBuildConfiguration;
			buildSettings = {
				BUNDLE_LOADER = "$(TEST_HOST)";
				INFOPLIST_FILE = "Swift05-layoutTests/Info.plist";
				LD_RUNPATH_SEARCH_PATHS = "$(inherited) @executable_path/Frameworks @loader_path/Frameworks";
				PRODUCT_BUNDLE_IDENTIFIER = "fr.successclub.Swift05-layoutTests";
				PRODUCT_NAME = "$(TARGET_NAME)";
				TEST_HOST = "$(BUILT_PRODUCTS_DIR)/Swift05-layout.app/Swift05-layout";
			};
			name = Release;
		};
		02F3D53B1D5BC9BF0074EA73 /* Debug */ = {
			isa = XCBuildConfiguration;
			buildSettings = {
				INFOPLIST_FILE = "Swift05-layoutUITests/Info.plist";
				LD_RUNPATH_SEARCH_PATHS = "$(inherited) @executable_path/Frameworks @loader_path/Frameworks";
				PRODUCT_BUNDLE_IDENTIFIER = "fr.successclub.Swift05-layoutUITests";
				PRODUCT_NAME = "$(TARGET_NAME)";
				TEST_TARGET_NAME = "Swift05-layout";
				USES_XCTRUNNER = YES;
			};
			name = Debug;
		};
		02F3D53C1D5BC9BF0074EA73 /* Release */ = {
			isa = XCBuildConfiguration;
			buildSettings = {
				INFOPLIST_FILE = "Swift05-layoutUITests/Info.plist";
				LD_RUNPATH_SEARCH_PATHS = "$(inherited) @executable_path/Frameworks @loader_path/Frameworks";
				PRODUCT_BUNDLE_IDENTIFIER = "fr.successclub.Swift05-layoutUITests";
				PRODUCT_NAME = "$(TARGET_NAME)";
				TEST_TARGET_NAME = "Swift05-layout";
				USES_XCTRUNNER = YES;
			};
			name = Release;
		};
/* End XCBuildConfiguration section */

/* Begin XCConfigurationList section */
		02F3D5071D5BC9BF0074EA73 /* Build configuration list for PBXProject "Swift05-layout" */ = {
			isa = XCConfigurationList;
			buildConfigurations = (
				02F3D5321D5BC9BF0074EA73 /* Debug */,
				02F3D5331D5BC9BF0074EA73 /* Release */,
			);
			defaultConfigurationIsVisible = 0;
			defaultConfigurationName = Release;
		};
		02F3D5341D5BC9BF0074EA73 /* Build configuration list for PBXNativeTarget "Swift05-layout" */ = {
			isa = XCConfigurationList;
			buildConfigurations = (
				02F3D5351D5BC9BF0074EA73 /* Debug */,
				02F3D5361D5BC9BF0074EA73 /* Release */,
			);
			defaultConfigurationIsVisible = 0;
		};
		02F3D5371D5BC9BF0074EA73 /* Build configuration list for PBXNativeTarget "Swift05-layoutTests" */ = {
			isa = XCConfigurationList;
			buildConfigurations = (
				02F3D5381D5BC9BF0074EA73 /* Debug */,
				02F3D5391D5BC9BF0074EA73 /* Release */,
			);
			defaultConfigurationIsVisible = 0;
		};
		02F3D53A1D5BC9BF0074EA73 /* Build configuration list for PBXNativeTarget "Swift05-layoutUITests" */ = {
			isa = XCConfigurationList;
			buildConfigurations = (
				02F3D53B1D5BC9BF0074EA73 /* Debug */,
				02F3D53C1D5BC9BF0074EA73 /* Release */,
			);
			defaultConfigurationIsVisible = 0;
		};
/* End XCConfigurationList section */
	};
	rootObject = 02F3D5041D5BC9BF0074EA73 /* Project object */;
}
